hash: a8a1421f5d10e1aa6e6faad64994bb6bb690beaa5190d7717554b120fcb2abaf
updated: 2016-02-09T22:24:56.264183889-08:00
imports:
- name: github.com/andybalholm/cascadia
  version: 3ad29d1ad1c4f2023e355603324348cf1f4b2d48
- name: github.com/arschles/go-bindata-html-template
  version: 4ae2add2b2f4e490b61ce4e7fdfa622824318375
- name: github.com/asaskevich/govalidator
  version: 9699ab6b38bee2e02cd3fe8b99ecf67665395c96
- name: github.com/boltdb/bolt
  version: 2f846c3551b76d7710f159be840d66c3d064abbe
- name: github.com/gorilla/context
  version: 1c83b3eabd45b6d76072b66b746c20815fb2872d
- name: github.com/gorilla/handlers
  version: b3aff83722cb2ae031a70cae984650e3a16cd20e
- name: github.com/gorilla/mux
  version: 26a6070f849969ba72b72256e9f14cf519751690
- name: github.com/gorilla/schema
  version: 14c555599c2a4f493c1e13fd1ea6fdf721739028
- name: github.com/justinas/alice
  version: 2ac31ddd090e634eeabd598d1066a9a3e4a58a9f
- name: github.com/PuerkitoBio/goquery
  version: 81e6517758f0c0952bb05e728108cb7e19727097
- name: golang.org/x/crypto
  version: 1f22c0103821b9390939b6776727195525381532
- name: golang.org/x/net
  version: 7f88271ea9913b72aca44fa7fc8af919eacc17ce
- name: golang.org/x/text
  version: 2ea5e055772cf5daa0b1478d6e88c8d0c3d4cb79
devImports: []
