hash: c14fa1ec2b73a4aa1c8724548acddfb85a698c0c9949293a6014912fb7e7b2fe
updated: 2016-02-06T00:18:32.460551499-08:00
imports:
- name: github.com/andybalholm/cascadia
  version: 3ad29d1ad1c4f2023e355603324348cf1f4b2d48
- name: github.com/boltdb/bolt
  version: ee4a0888a9abe7eefe5a0992ca4cb06864839873
- name: github.com/gorilla/context
  version: 1c83b3eabd45b6d76072b66b746c20815fb2872d
- name: github.com/gorilla/mux
  version: 26a6070f849969ba72b72256e9f14cf519751690
- name: github.com/PuerkitoBio/goquery
  version: 81e6517758f0c0952bb05e728108cb7e19727097
- name: golang.org/x/crypto
  version: 1f22c0103821b9390939b6776727195525381532
- name: golang.org/x/net
  version: 7f88271ea9913b72aca44fa7fc8af919eacc17ce
- name: golang.org/x/text
  version: db2353fc1b663d79d1001e206afc02a5ec9f4291
devImports: []
